
Microsoft Visual Studio Solution File, Format Version 12.00
# Visual Studio Version 17
VisualStudioVersion = 17.11.34909.67
MinimumVisualStudioVersion = 10.0.40219.1
Project("{FAE04EC0-301F-11D3-BF4B-00C04F79EFBC}") = "TensorAppExample", "TensorAppExample\TensorAppExample.csproj", "{AABAB6CD-D4A1-47A9-A7B7-4D4C26A41415}"
EndProject
Global
	GlobalSection(SolutionConfigurationPlatforms) = preSolution
		Debug|Any CPU = Debug|Any CPU
		Release|Any CPU = Release|Any CPU
	EndGlobalSection
	GlobalSection(ProjectConfigurationPlatforms) = postSolution
		{AABAB6CD-D4A1-47A9-A7B7-4D4C26A41415}.Debug|Any CPU.ActiveCfg = Debug|Any CPU
		{AABAB6CD-D4A1-47A9-A7B7-4D4C26A41415}.Debug|Any CPU.Build.0 = Debug|Any CPU
		{AABAB6CD-D4A1-47A9-A7B7-4D4C26A41415}.Release|Any CPU.ActiveCfg = Release|Any CPU
		{AABAB6CD-D4A1-47A9-A7B7-4D4C26A41415}.Release|Any CPU.Build.0 = Release|Any CPU
	EndGlobalSection
	GlobalSection(SolutionProperties) = preSolution
		HideSolutionNode = FALSE
	EndGlobalSection
	GlobalSection(ExtensibilityGlobals) = postSolution
		SolutionGuid = {FD2C2810-2629-42BD-A113-BDBDE0D7136D}
	EndGlobalSection
EndGlobal
